// !$*UTF8*$!
{
	archiveVersion = 1;
	classes = {
	};
	objectVersion = 46;
	objects = {

/* Begin PBXBuildFile section */
		0162EC801331561F009889E9 /* gmini.cpp in Sources */ = {isa = PBXBuildFile; fileRef = 0162EC7F1331561F009889E9 /* gmini.cpp */; };
		0162EC891331566F009889E9 /* Camera.cpp in Sources */ = {isa = PBXBuildFile; fileRef = 0162EC871331566F009889E9 /* Camera.cpp */; };
		0162EC8B133156F3009889E9 /* Makefile in Sources */ = {isa = PBXBuildFile; fileRef = 0162EC8A133156F3009889E9 /* Makefile */; };
		0162EC8F13315756009889E9 /* Trackball.cpp in Sources */ = {isa = PBXBuildFile; fileRef = 0162EC8D13315755009889E9 /* Trackball.cpp */; };
		0162EC9813316869009889E9 /* Grid.cpp in Sources */ = {isa = PBXBuildFile; fileRef = 0162EC9613316867009889E9 /* Grid.cpp */; };
		0162EC9B133169BD009889E9 /* Mesh.cpp in Sources */ = {isa = PBXBuildFile; fileRef = 0162EC99133169BC009889E9 /* Mesh.cpp */; };
/* End PBXBuildFile section */

/* Begin PBXCopyFilesBuildPhase section */
		0162EC791331561F009889E9 /* CopyFiles */ = {
			isa = PBXCopyFilesBuildPhase;
			buildActionMask = 2147483647;
			dstPath = /usr/share/man/man1/;
			dstSubfolderSpec = 0;
			files = (
			);
			runOnlyForDeploymentPostprocessing = 1;
		};
/* End PBXCopyFilesBuildPhase section */

/* Begin PBXFileReference section */
		0162EC7B1331561F009889E9 /* tp1 */ = {isa = PBXFileReference; explicitFileType = "compiled.mach-o.executable"; includeInIndex = 0; path = tp1; sourceTree = BUILT_PRODUCTS_DIR; };
		0162EC7F1331561F009889E9 /* gmini.cpp */ = {isa = PBXFileReference; lastKnownFileType = sourcecode.cpp.cpp; path = gmini.cpp; sourceTree = "<group>"; };
		0162EC811331561F009889E9 /* tp1.1 */ = {isa = PBXFileReference; lastKnownFileType = text.man; path = tp1.1; sourceTree = "<group>"; };
		0162EC871331566F009889E9 /* Camera.cpp */ = {isa = PBXFileReference; fileEncoding = 4; lastKnownFileType = sourcecode.cpp.cpp; path = Camera.cpp; sourceTree = "<group>"; };
		0162EC881331566F009889E9 /* Camera.h */ = {isa = PBXFileReference; fileEncoding = 4; lastKnownFileType = sourcecode.c.h; path = Camera.h; sourceTree = "<group>"; };
		0162EC8A133156F3009889E9 /* Makefile */ = {isa = PBXFileReference; fileEncoding = 4; lastKnownFileType = sourcecode.make; path = Makefile; sourceTree = "<group>"; };
		0162EC8C13315726009889E9 /* sphere.off */ = {isa = PBXFileReference; fileEncoding = 4; lastKnownFileType = text; path = sphere.off; sourceTree = "<group>"; };
		0162EC8D13315755009889E9 /* Trackball.cpp */ = {isa = PBXFileReference; fileEncoding = 4; lastKnownFileType = sourcecode.cpp.cpp; path = Trackball.cpp; sourceTree = "<group>"; };
		0162EC8E13315755009889E9 /* Trackball.h */ = {isa = PBXFileReference; fileEncoding = 4; lastKnownFileType = sourcecode.c.h; path = Trackball.h; sourceTree = "<group>"; };
		0162EC9013315790009889E9 /* Vec3D.h */ = {isa = PBXFileReference; fileEncoding = 4; lastKnownFileType = sourcecode.c.h; path = Vec3D.h; sourceTree = "<group>"; };
		0162EC92133166B1009889E9 /* Vertex.h */ = {isa = PBXFileReference; fileEncoding = 4; lastKnownFileType = sourcecode.c.h; path = Vertex.h; sourceTree = "<group>"; };
		0162EC941331678F009889E9 /* Triangle.h */ = {isa = PBXFileReference; fileEncoding = 4; lastKnownFileType = sourcecode.c.h; path = Triangle.h; sourceTree = "<group>"; };
		0162EC951331681B009889E9 /* Zone.h */ = {isa = PBXFileReference; fileEncoding = 4; lastKnownFileType = sourcecode.c.h; path = Zone.h; sourceTree = "<group>"; };
		0162EC9613316867009889E9 /* Grid.cpp */ = {isa = PBXFileReference; fileEncoding = 4; lastKnownFileType = sourcecode.cpp.cpp; path = Grid.cpp; sourceTree = "<group>"; };
		0162EC9713316868009889E9 /* Grid.h */ = {isa = PBXFileReference; fileEncoding = 4; lastKnownFileType = sourcecode.c.h; path = Grid.h; sourceTree = "<group>"; };
		0162EC99133169BC009889E9 /* Mesh.cpp */ = {isa = PBXFileReference; fileEncoding = 4; lastKnownFileType = sourcecode.cpp.cpp; path = Mesh.cpp; sourceTree = "<group>"; };
		0162EC9A133169BC009889E9 /* Mesh.h */ = {isa = PBXFileReference; fileEncoding = 4; lastKnownFileType = sourcecode.c.h; path = Mesh.h; sourceTree = "<group>"; };
/* End PBXFileReference section */

/* Begin PBXFrameworksBuildPhase section */
		0162EC781331561F009889E9 /* Frameworks */ = {
			isa = PBXFrameworksBuildPhase;
			buildActionMask = 2147483647;
			files = (
			);
			runOnlyForDeploymentPostprocessing = 0;
		};
/* End PBXFrameworksBuildPhase section */

/* Begin PBXGroup section */
		0162EC701331561F009889E9 = {
			isa = PBXGroup;
			children = (
				0162EC7E1331561F009889E9 /* tp1 */,
				0162EC7C1331561F009889E9 /* Products */,
			);
			sourceTree = "<group>";
		};
		0162EC7C1331561F009889E9 /* Products */ = {
			isa = PBXGroup;
			children = (
				0162EC7B1331561F009889E9 /* tp1 */,
			);
			name = Products;
			sourceTree = "<group>";
		};
		0162EC7E1331561F009889E9 /* tp1 */ = {
			isa = PBXGroup;
			children = (
				0162EC7F1331561F009889E9 /* gmini.cpp */,
				0162EC811331561F009889E9 /* tp1.1 */,
				0162EC871331566F009889E9 /* Camera.cpp */,
				0162EC881331566F009889E9 /* Camera.h */,
				0162EC8A133156F3009889E9 /* Makefile */,
				0162EC8C13315726009889E9 /* sphere.off */,
				0162EC8D13315755009889E9 /* Trackball.cpp */,
				0162EC8E13315755009889E9 /* Trackball.h */,
				0162EC9013315790009889E9 /* Vec3D.h */,
				0162EC92133166B1009889E9 /* Vertex.h */,
				0162EC941331678F009889E9 /* Triangle.h */,
				0162EC951331681B009889E9 /* Zone.h */,
				0162EC9613316867009889E9 /* Grid.cpp */,
				0162EC9713316868009889E9 /* Grid.h */,
				0162EC99133169BC009889E9 /* Mesh.cpp */,
				0162EC9A133169BC009889E9 /* Mesh.h */,
			);
			path = tp1;
			sourceTree = "<group>";
		};
/* End PBXGroup section */

/* Begin PBXNativeTarget section */
		0162EC7A1331561F009889E9 /* tp1 */ = {
			isa = PBXNativeTarget;
			buildConfigurationList = 0162EC841331561F009889E9 /* Build configuration list for PBXNativeTarget "tp1" */;
			buildPhases = (
				0162EC771331561F009889E9 /* Sources */,
				0162EC781331561F009889E9 /* Frameworks */,
				0162EC791331561F009889E9 /* CopyFiles */,
			);
			buildRules = (
			);
			dependencies = (
			);
			name = tp1;
			productName = tp1;
			productReference = 0162EC7B1331561F009889E9 /* tp1 */;
			productType = "com.apple.product-type.tool";
		};
/* End PBXNativeTarget section */

/* Begin PBXProject section */
		0162EC721331561F009889E9 /* Project object */ = {
			isa = PBXProject;
			attributes = {
				ORGANIZATIONNAME = "Télécom ParisTech";
			};
			buildConfigurationList = 0162EC751331561F009889E9 /* Build configuration list for PBXProject "tp1" */;
			compatibilityVersion = "Xcode 3.2";
			developmentRegion = English;
			hasScannedForEncodings = 0;
			knownRegions = (
				en,
			);
			mainGroup = 0162EC701331561F009889E9;
			productRefGroup = 0162EC7C1331561F009889E9 /* Products */;
			projectDirPath = "";
			projectRoot = "";
			targets = (
				0162EC7A1331561F009889E9 /* tp1 */,
			);
		};
/* End PBXProject section */

/* Begin PBXSourcesBuildPhase section */
		0162EC771331561F009889E9 /* Sources */ = {
			isa = PBXSourcesBuildPhase;
			buildActionMask = 2147483647;
			files = (
				0162EC801331561F009889E9 /* gmini.cpp in Sources */,
				0162EC891331566F009889E9 /* Camera.cpp in Sources */,
				0162EC8B133156F3009889E9 /* Makefile in Sources */,
				0162EC8F13315756009889E9 /* Trackball.cpp in Sources */,
				0162EC9813316869009889E9 /* Grid.cpp in Sources */,
				0162EC9B133169BD009889E9 /* Mesh.cpp in Sources */,
			);
			runOnlyForDeploymentPostprocessing = 0;
		};
/* End PBXSourcesBuildPhase section */

/* Begin XCBuildConfiguration section */
		0162EC821331561F009889E9 /* Debug */ = {
			isa = XCBuildConfiguration;
			buildSettings = {
				ARCHS = "$(ARCHS_STANDARD_32_64_BIT)";
				GCC_C_LANGUAGE_STANDARD = gnu99;
				GCC_OPTIMIZATION_LEVEL = 0;
				GCC_PREPROCESSOR_DEFINITIONS = DEBUG;
				GCC_SYMBOLS_PRIVATE_EXTERN = NO;
				GCC_VERSION = com.apple.compilers.llvm.clang.1_0;
				GCC_WARN_64_TO_32_BIT_CONVERSION = YES;
				GCC_WARN_ABOUT_RETURN_TYPE = YES;
				GCC_WARN_UNUSED_VARIABLE = YES;
				MACOSX_DEPLOYMENT_TARGET = 10.6;
				ONLY_ACTIVE_ARCH = YES;
				SDKROOT = macosx;
			};
			name = Debug;
		};
		0162EC831331561F009889E9 /* Release */ = {
			isa = XCBuildConfiguration;
			buildSettings = {
				ARCHS = "$(ARCHS_STANDARD_32_64_BIT)";
				GCC_C_LANGUAGE_STANDARD = gnu99;
				GCC_VERSION = com.apple.compilers.llvm.clang.1_0;
				GCC_WARN_64_TO_32_BIT_CONVERSION = YES;
				GCC_WARN_ABOUT_RETURN_TYPE = YES;
				GCC_WARN_UNUSED_VARIABLE = YES;
				MACOSX_DEPLOYMENT_TARGET = 10.6;
				SDKROOT = macosx;
			};
			name = Release;
		};
		0162EC851331561F009889E9 /* Debug */ = {
			isa = XCBuildConfiguration;
			buildSettings = {
				ALWAYS_SEARCH_USER_PATHS = NO;
				COPY_PHASE_STRIP = NO;
				GCC_DYNAMIC_NO_PIC = NO;
				GCC_ENABLE_OBJC_EXCEPTIONS = YES;
				PRODUCT_NAME = "$(TARGET_NAME)";
			};
			name = Debug;
		};
		0162EC861331561F009889E9 /* Release */ = {
			isa = XCBuildConfiguration;
			buildSettings = {
				ALWAYS_SEARCH_USER_PATHS = NO;
				COPY_PHASE_STRIP = YES;
				DEBUG_INFORMATION_FORMAT = "dwarf-with-dsym";
				GCC_ENABLE_OBJC_EXCEPTIONS = YES;
				PRODUCT_NAME = "$(TARGET_NAME)";
			};
			name = Release;
		};
/* End XCBuildConfiguration section */

/* Begin XCConfigurationList section */
		0162EC751331561F009889E9 /* Build configuration list for PBXProject "tp1" */ = {
			isa = XCConfigurationList;
			buildConfigurations = (
				0162EC821331561F009889E9 /* Debug */,
				0162EC831331561F009889E9 /* Release */,
			);
			defaultConfigurationIsVisible = 0;
			defaultConfigurationName = Release;
		};
		0162EC841331561F009889E9 /* Build configuration list for PBXNativeTarget "tp1" */ = {
			isa = XCConfigurationList;
			buildConfigurations = (
				0162EC851331561F009889E9 /* Debug */,
				0162EC861331561F009889E9 /* Release */,
			);
			defaultConfigurationIsVisible = 0;
			defaultConfigurationName = Release;
		};
/* End XCConfigurationList section */
	};
	rootObject = 0162EC721331561F009889E9 /* Project object */;
}
